
Microsoft Visual Studio Solution File, Format Version 12.00
# Visual Studio Version 17
VisualStudioVersion = 17.0.32014.148
MinimumVisualStudioVersion = 10.0.40219.1
Project("{9A19103F-16F7-4668-BE54-9A1E7A4F7556}") = "SNEngine", "SNEngine.csproj", "{ED2D81AB-C52F-453A-9E2E-260AC8EB4C73}"
EndProject
Global
	GlobalSection(SolutionConfigurationPlatforms) = preSolution
		Debug|Any CPU = Debug|Any CPU
		Release|Any CPU = Release|Any CPU
	EndGlobalSection
	GlobalSection(ProjectConfigurationPlatforms) = postSolution
		{ED2D81AB-C52F-453A-9E2E-260AC8EB4C73}.Debug|Any CPU.ActiveCfg = Debug|Any CPU
		{ED2D81AB-C52F-453A-9E2E-260AC8EB4C73}.Debug|Any CPU.Build.0 = Debug|Any CPU
		{ED2D81AB-C52F-453A-9E2E-260AC8EB4C73}.Release|Any CPU.ActiveCfg = Release|Any CPU
		{ED2D81AB-C52F-453A-9E2E-260AC8EB4C73}.Release|Any CPU.Build.0 = Release|Any CPU
	EndGlobalSection
	GlobalSection(SolutionProperties) = preSolution
		HideSolutionNode = FALSE
	EndGlobalSection
	GlobalSection(ExtensibilityGlobals) = postSolution
		SolutionGuid = {416B160A-947E-4A87-99EB-B3A5667BF110}
	EndGlobalSection
EndGlobal
